
Microsoft Visual Studio Solution File, Format Version 12.00
# Visual Studio Version 17
VisualStudioVersion = 17.1.32210.238
MinimumVisualStudioVersion = 10.0.40219.1
Project("{FAE04EC0-301F-11D3-BF4B-00C04F79EFBC}") = "WpfAppMVVMdatagridOperations", "WpfAppMVVMdatagridOperations\WpfAppMVVMdatagridOperations.csproj", "{E455FD25-721A-488C-8973-BCC661B69B00}"
EndProject
Global
	GlobalSection(SolutionConfigurationPlatforms) = preSolution
		Debug|Any CPU = Debug|Any CPU
		Release|Any CPU = Release|Any CPU
	EndGlobalSection
	GlobalSection(ProjectConfigurationPlatforms) = postSolution
		{E455FD25-721A-488C-8973-BCC661B69B00}.Debug|Any CPU.ActiveCfg = Debug|Any CPU
		{E455FD25-721A-488C-8973-BCC661B69B00}.Debug|Any CPU.Build.0 = Debug|Any CPU
		{E455FD25-721A-488C-8973-BCC661B69B00}.Release|Any CPU.ActiveCfg = Release|Any CPU
		{E455FD25-721A-488C-8973-BCC661B69B00}.Release|Any CPU.Build.0 = Release|Any CPU
	EndGlobalSection
	GlobalSection(SolutionProperties) = preSolution
		HideSolutionNode = FALSE
	EndGlobalSection
	GlobalSection(ExtensibilityGlobals) = postSolution
		SolutionGuid = {BE71AAA3-E7EE-471F-A7BE-872378592378}
	EndGlobalSection
EndGlobal
