
Microsoft Visual Studio Solution File, Format Version 12.00
# Visual Studio Version 17
VisualStudioVersion = 17.1.32319.34
MinimumVisualStudioVersion = 10.0.40219.1
Project("{FAE04EC0-301F-11D3-BF4B-00C04F79EFBC}") = "WpfAppMVVMpractice", "WpfAppMVVMpractice\WpfAppMVVMpractice.csproj", "{48F09B53-D508-4E0C-A384-74D8E417001B}"
EndProject
Global
	GlobalSection(SolutionConfigurationPlatforms) = preSolution
		Debug|Any CPU = Debug|Any CPU
		Release|Any CPU = Release|Any CPU
	EndGlobalSection
	GlobalSection(ProjectConfigurationPlatforms) = postSolution
		{48F09B53-D508-4E0C-A384-74D8E417001B}.Debug|Any CPU.ActiveCfg = Debug|Any CPU
		{48F09B53-D508-4E0C-A384-74D8E417001B}.Debug|Any CPU.Build.0 = Debug|Any CPU
		{48F09B53-D508-4E0C-A384-74D8E417001B}.Release|Any CPU.ActiveCfg = Release|Any CPU
		{48F09B53-D508-4E0C-A384-74D8E417001B}.Release|Any CPU.Build.0 = Release|Any CPU
	EndGlobalSection
	GlobalSection(SolutionProperties) = preSolution
		HideSolutionNode = FALSE
	EndGlobalSection
	GlobalSection(ExtensibilityGlobals) = postSolution
		SolutionGuid = {34F94970-F5FB-4A94-8D03-9F0F0BA0F364}
	EndGlobalSection
EndGlobal
