
Microsoft Visual Studio Solution File, Format Version 12.00
# Visual Studio Version 17
VisualStudioVersion = 17.1.32319.34
MinimumVisualStudioVersion = 10.0.40219.1
Project("{FAE04EC0-301F-11D3-BF4B-00C04F79EFBC}") = "WpfAppMVVMdatagrid", "WpfAppMVVMdatagrid\WpfAppMVVMdatagrid.csproj", "{ECF046D1-0075-497B-B40E-5C27DB3B025B}"
EndProject
Global
	GlobalSection(SolutionConfigurationPlatforms) = preSolution
		Debug|Any CPU = Debug|Any CPU
		Release|Any CPU = Release|Any CPU
	EndGlobalSection
	GlobalSection(ProjectConfigurationPlatforms) = postSolution
		{ECF046D1-0075-497B-B40E-5C27DB3B025B}.Debug|Any CPU.ActiveCfg = Debug|Any CPU
		{ECF046D1-0075-497B-B40E-5C27DB3B025B}.Debug|Any CPU.Build.0 = Debug|Any CPU
		{ECF046D1-0075-497B-B40E-5C27DB3B025B}.Release|Any CPU.ActiveCfg = Release|Any CPU
		{ECF046D1-0075-497B-B40E-5C27DB3B025B}.Release|Any CPU.Build.0 = Release|Any CPU
	EndGlobalSection
	GlobalSection(SolutionProperties) = preSolution
		HideSolutionNode = FALSE
	EndGlobalSection
	GlobalSection(ExtensibilityGlobals) = postSolution
		SolutionGuid = {FBDE5F80-1724-499C-9CFB-8306FB183EB2}
	EndGlobalSection
EndGlobal
